
Microsoft Visual Studio Solution File, Format Version 12.00
# Visual Studio Version 16
VisualStudioVersion = 16.0.31205.134
MinimumVisualStudioVersion = 10.0.40219.1
Project("{FAE04EC0-301F-11D3-BF4B-00C04F79EFBC}") = "ControlTemplate", "ControlTemplate\ControlTemplate.csproj", "{31BA22F9-2C3F-4EC9-9357-56618E9E3BA9}"
EndProject
Global
	GlobalSection(SolutionConfigurationPlatforms) = preSolution
		Debug|Any CPU = Debug|Any CPU
		Release|Any CPU = Release|Any CPU
	EndGlobalSection
	GlobalSection(ProjectConfigurationPlatforms) = postSolution
		{31BA22F9-2C3F-4EC9-9357-56618E9E3BA9}.Debug|Any CPU.ActiveCfg = Debug|Any CPU
		{31BA22F9-2C3F-4EC9-9357-56618E9E3BA9}.Debug|Any CPU.Build.0 = Debug|Any CPU
		{31BA22F9-2C3F-4EC9-9357-56618E9E3BA9}.Release|Any CPU.ActiveCfg = Release|Any CPU
		{31BA22F9-2C3F-4EC9-9357-56618E9E3BA9}.Release|Any CPU.Build.0 = Release|Any CPU
	EndGlobalSection
	GlobalSection(SolutionProperties) = preSolution
		HideSolutionNode = FALSE
	EndGlobalSection
	GlobalSection(ExtensibilityGlobals) = postSolution
		SolutionGuid = {0464F406-D621-443D-AB73-8E7CFDEEB6F1}
	EndGlobalSection
EndGlobal
